// !$*UTF8*$!
{
	archiveVersion = 1;
	classes = {
	};
	objectVersion = 77;
	objects = {

/* Begin PBXBuildFile section */
		BC0000010000000000000001 /* BrewProcess in Frameworks */ = {isa = PBXBuildFile; productRef = BC0000010000000000000003 /* BrewProcess */; };
/* End PBXBuildFile section */

/* Begin PBXContainerItemProxy section */
		BCDBE98B301E2D420013A38D /* PBXContainerItemProxy */ = {
			isa = PBXContainerItemProxy;
			containerPortal = BCDBE973301E2D410013A38D /* Project object */;
			proxyType = 1;
			remoteGlobalIDString = BCDBE97A301E2D410013A38D;
			remoteInfo = cellar;
		};
		BCDBE995301E2D420013A38D /* PBXContainerItemProxy */ = {
			isa = PBXContainerItemProxy;
			containerPortal = BCDBE973301E2D410013A38D /* Project object */;
			proxyType = 1;
			remoteGlobalIDString = BCDBE97A301E2D410013A38D;
			remoteInfo = cellar;
		};
/* End PBXContainerItemProxy section */

/* Begin PBXFileReference section */
		BCDBE97B301E2D410013A38D /* cellar.app */ = {isa = PBXFileReference; explicitFileType = wrapper.application; includeInIndex = 0; path = cellar.app; sourceTree = BUILT_PRODUCTS_DIR; };
		BCDBE98A301E2D420013A38D /* cellarTests.xctest */ = {isa = PBXFileReference; explicitFileType = wrapper.cfbundle; includeInIndex = 0; path = cellarTests.xctest; sourceTree = BUILT_PRODUCTS_DIR; };
		BCDBE994301E2D420013A38D /* cellarUITests.xctest */ = {isa = PBXFileReference; explicitFileType = wrapper.cfbundle; includeInIndex = 0; path = cellarUITests.xctest; sourceTree = BUILT_PRODUCTS_DIR; };
/* End PBXFileReference section */

/* Begin PBXFileSystemSynchronizedRootGroup section */
		BCDBE97D301E2D410013A38D /* cellar */ = {
			isa = PBXFileSystemSynchronizedRootGroup;
			path = cellar;
			sourceTree = "<group>";
		};
		BCDBE98D301E2D420013A38D /* cellarTests */ = {
			isa = PBXFileSystemSynchronizedRootGroup;
			path = cellarTests;
			sourceTree = "<group>";
		};
		BCDBE997301E2D420013A38D /* cellarUITests */ = {
			isa = PBXFileSystemSynchronizedRootGroup;
			path = cellarUITests;
			sourceTree = "<group>";
		};
/* End PBXFileSystemSynchronizedRootGroup section */

/* Begin PBXFrameworksBuildPhase section */
		BCDBE978301E2D410013A38D /* Frameworks */ = {
			isa = PBXFrameworksBuildPhase;
			buildActionMask = 2147483647;
			files = (
				BC0000010000000000000001 /* BrewProcess in Frameworks */,
			);
			runOnlyForDeploymentPostprocessing = 0;
		};
		BCDBE987301E2D420013A38D /* Frameworks */ = {
			isa = PBXFrameworksBuildPhase;
			buildActionMask = 2147483647;
			files = (
			);
			runOnlyForDeploymentPostprocessing = 0;
		};
		BCDBE991301E2D420013A38D /* Frameworks */ = {
			isa = PBXFrameworksBuildPhase;
			buildActionMask = 2147483647;
			files = (
			);
			runOnlyForDeploymentPostprocessing = 0;
		};
/* End PBXFrameworksBuildPhase section */

/* Begin PBXGroup section */
		BCDBE972301E2D410013A38D = {
			isa = PBXGroup;
			children = (
				BCDBE97D301E2D410013A38D /* cellar */,
				BCDBE98D301E2D420013A38D /* cellarTests */,
				BCDBE997301E2D420013A38D /* cellarUITests */,
				BCDBE97C301E2D410013A38D /* Products */,
			);
			sourceTree = "<group>";
		};
		BCDBE97C301E2D410013A38D /* Products */ = {
			isa = PBXGroup;
			children = (
				BCDBE97B301E2D410013A38D /* cellar.app */,
				BCDBE98A301E2D420013A38D /* cellarTests.xctest */,
				BCDBE994301E2D420013A38D /* cellarUITests.xctest */,
			);
			name = Products;
			sourceTree = "<group>";
		};
/* End PBXGroup section */

/* Begin PBXNativeTarget section */
		BCDBE97A301E2D410013A38D /* cellar */ = {
			isa = PBXNativeTarget;
			buildConfigurationList = BCDBE99E301E2D420013A38D /* Build configuration list for PBXNativeTarget "cellar" */;
			buildPhases = (
				BCDBE977301E2D410013A38D /* Sources */,
				BCDBE978301E2D410013A38D /* Frameworks */,
				BCDBE979301E2D410013A38D /* Resources */,
			);
			buildRules = (
			);
			dependencies = (
			);
			fileSystemSynchronizedGroups = (
				BCDBE97D301E2D410013A38D /* cellar */,
			);
			name = cellar;
			packageProductDependencies = (
				BC0000010000000000000003 /* BrewProcess */,
			);
			productName = cellar;
			productReference = BCDBE97B301E2D410013A38D /* cellar.app */;
			productType = "com.apple.product-type.application";
		};
		BCDBE989301E2D420013A38D /* cellarTests */ = {
			isa = PBXNativeTarget;
			buildConfigurationList = BCDBE9A1301E2D420013A38D /* Build configuration list for PBXNativeTarget "cellarTests" */;
			buildPhases = (
				BCDBE986301E2D420013A38D /* Sources */,
				BCDBE987301E2D420013A38D /* Frameworks */,
				BCDBE988301E2D420013A38D /* Resources */,
			);
			buildRules = (
			);
			dependencies = (
				BCDBE98C301E2D420013A38D /* PBXTargetDependency */,
			);
			fileSystemSynchronizedGroups = (
				BCDBE98D301E2D420013A38D /* cellarTests */,
			);
			name = cellarTests;
			packageProductDependencies = (
			);
			productName = cellarTests;
			productReference = BCDBE98A301E2D420013A38D /* cellarTests.xctest */;
			productType = "com.apple.product-type.bundle.unit-test";
		};
		BCDBE993301E2D420013A38D /* cellarUITests */ = {
			isa = PBXNativeTarget;
			buildConfigurationList = BCDBE9A4301E2D420013A38D /* Build configuration list for PBXNativeTarget "cellarUITests" */;
			buildPhases = (
				BCDBE990301E2D420013A38D /* Sources */,
				BCDBE991301E2D420013A38D /* Frameworks */,
				BCDBE992301E2D420013A38D /* Resources */,
			);
			buildRules = (
			);
			dependencies = (
				BCDBE996301E2D420013A38D /* PBXTargetDependency */,
			);
			fileSystemSynchronizedGroups = (
				BCDBE997301E2D420013A38D /* cellarUITests */,
			);
			name = cellarUITests;
			packageProductDependencies = (
			);
			productName = cellarUITests;
			productReference = BCDBE994301E2D420013A38D /* cellarUITests.xctest */;
			productType = "com.apple.product-type.bundle.ui-testing";
		};
/* End PBXNativeTarget section */

/* Begin PBXProject section */
		BCDBE973301E2D410013A38D /* Project object */ = {
			isa = PBXProject;
			attributes = {
				BuildIndependentTargetsInParallel = 1;
				LastSwiftUpdateCheck = 2660;
				LastUpgradeCheck = 2660;
				TargetAttributes = {
					BCDBE97A301E2D410013A38D = {
						CreatedOnToolsVersion = 26.6;
					};
					BCDBE989301E2D420013A38D = {
						CreatedOnToolsVersion = 26.6;
						TestTargetID = BCDBE97A301E2D410013A38D;
					};
					BCDBE993301E2D420013A38D = {
						CreatedOnToolsVersion = 26.6;
						TestTargetID = BCDBE97A301E2D410013A38D;
					};
				};
			};
			buildConfigurationList = BCDBE976301E2D410013A38D /* Build configuration list for PBXProject "cellar" */;
			developmentRegion = en;
			hasScannedForEncodings = 0;
			knownRegions = (
				en,
				Base,
			);
			mainGroup = BCDBE972301E2D410013A38D;
			minimizedProjectReferenceProxies = 1;
			packageReferences = (
				BC0000010000000000000002 /* XCLocalSwiftPackageReference "Packages/CellarCore" */,
			);
			preferredProjectObjectVersion = 77;
			productRefGroup = BCDBE97C301E2D410013A38D /* Products */;
			projectDirPath = "";
			projectRoot = "";
			targets = (
				BCDBE97A301E2D410013A38D /* cellar */,
				BCDBE989301E2D420013A38D /* cellarTests */,
				BCDBE993301E2D420013A38D /* cellarUITests */,
			);
		};
/* End PBXProject section */

/* Begin PBXResourcesBuildPhase section */
		BCDBE979301E2D410013A38D /* Resources */ = {
			isa = PBXResourcesBuildPhase;
			buildActionMask = 2147483647;
			files = (
			);
			runOnlyForDeploymentPostprocessing = 0;
		};
		BCDBE988301E2D420013A38D /* Resources */ = {
			isa = PBXResourcesBuildPhase;
			buildActionMask = 2147483647;
			files = (
			);
			runOnlyForDeploymentPostprocessing = 0;
		};
		BCDBE992301E2D420013A38D /* Resources */ = {
			isa = PBXResourcesBuildPhase;
			buildActionMask = 2147483647;
			files = (
			);
			runOnlyForDeploymentPostprocessing = 0;
		};
/* End PBXResourcesBuildPhase section */

/* Begin PBXSourcesBuildPhase section */
		BCDBE977301E2D410013A38D /* Sources */ = {
			isa = PBXSourcesBuildPhase;
			buildActionMask = 2147483647;
			files = (
			);
			runOnlyForDeploymentPostprocessing = 0;
		};
		BCDBE986301E2D420013A38D /* Sources */ = {
			isa = PBXSourcesBuildPhase;
			buildActionMask = 2147483647;
			files = (
			);
			runOnlyForDeploymentPostprocessing = 0;
		};
		BCDBE990301E2D420013A38D /* Sources */ = {
			isa = PBXSourcesBuildPhase;
			buildActionMask = 2147483647;
			files = (
			);
			runOnlyForDeploymentPostprocessing = 0;
		};
/* End PBXSourcesBuildPhase section */

/* Begin PBXTargetDependency section */
		BCDBE98C301E2D420013A38D /* PBXTargetDependency */ = {
			isa = PBXTargetDependency;
			target = BCDBE97A301E2D410013A38D /* cellar */;
			targetProxy = BCDBE98B301E2D420013A38D /* PBXContainerItemProxy */;
		};
		BCDBE996301E2D420013A38D /* PBXTargetDependency */ = {
			isa = PBXTargetDependency;
			target = BCDBE97A301E2D410013A38D /* cellar */;
			targetProxy = BCDBE995301E2D420013A38D /* PBXContainerItemProxy */;
		};
/* End PBXTargetDependency section */

/* Begin XCLocalSwiftPackageReference section */
		BC0000010000000000000002 /* XCLocalSwiftPackageReference "Packages/CellarCore" */ = {
			isa = XCLocalSwiftPackageReference;
			relativePath = Packages/CellarCore;
		};
/* End XCLocalSwiftPackageReference section */

/* Begin XCSwiftPackageProductDependency section */
		BC0000010000000000000003 /* BrewProcess */ = {
			isa = XCSwiftPackageProductDependency;
			productName = BrewProcess;
		};
/* End XCSwiftPackageProductDependency section */

/* Begin XCBuildConfiguration section */
		BCDBE99C301E2D420013A38D /* Debug */ = {
			isa = XCBuildConfiguration;
			buildSettings = {
				ALWAYS_SEARCH_USER_PATHS = NO;
				ASSETCATALOG_COMPILER_GENERATE_SWIFT_ASSET_SYMBOL_EXTENSIONS = YES;
				CLANG_ANALYZER_NONNULL = YES;
				CLANG_ANALYZER_NUMBER_OBJECT_CONVERSION = YES_AGGRESSIVE;
				CLANG_CXX_LANGUAGE_STANDARD = "gnu++20";
				CLANG_ENABLE_MODULES = YES;
				CLANG_ENABLE_OBJC_ARC = YES;
				CLANG_ENABLE_OBJC_WEAK = YES;
				CLANG_WARN_BLOCK_CAPTURE_AUTORELEASING = YES;
				CLANG_WARN_BOOL_CONVERSION = YES;
				CLANG_WARN_COMMA = YES;
				CLANG_WARN_CONSTANT_CONVERSION = YES;
				CLANG_WARN_DEPRECATED_OBJC_IMPLEMENTATIONS = YES;
				CLANG_WARN_DIRECT_OBJC_ISA_USAGE = YES_ERROR;
				CLANG_WARN_DOCUMENTATION_COMMENTS = YES;
				CLANG_WARN_EMPTY_BODY = YES;
				CLANG_WARN_ENUM_CONVERSION = YES;
				CLANG_WARN_INFINITE_RECURSION = YES;
				CLANG_WARN_INT_CONVERSION = YES;
				CLANG_WARN_NON_LITERAL_NULL_CONVERSION = YES;
				CLANG_WARN_OBJC_IMPLICIT_RETAIN_SELF = YES;
				CLANG_WARN_OBJC_LITERAL_CONVERSION = YES;
				CLANG_WARN_OBJC_ROOT_CLASS = YES_ERROR;
				CLANG_WARN_QUOTED_INCLUDE_IN_FRAMEWORK_HEADER = YES;
				CLANG_WARN_RANGE_LOOP_ANALYSIS = YES;
				CLANG_WARN_STRICT_PROTOTYPES = YES;
				CLANG_WARN_SUSPICIOUS_MOVE = YES;
				CLANG_WARN_UNGUARDED_AVAILABILITY = YES_AGGRESSIVE;
				CLANG_WARN_UNREACHABLE_CODE = YES;
				CLANG_WARN__DUPLICATE_METHOD_MATCH = YES;
				COPY_PHASE_STRIP = NO;
				DEBUG_INFORMATION_FORMAT = dwarf;
				DEVELOPMENT_TEAM = Z3S5JK8E38;
				ENABLE_STRICT_OBJC_MSGSEND = YES;
				ENABLE_TESTABILITY = YES;
				ENABLE_USER_SCRIPT_SANDBOXING = YES;
				GCC_C_LANGUAGE_STANDARD = gnu17;
				GCC_DYNAMIC_NO_PIC = NO;
				GCC_NO_COMMON_BLOCKS = YES;
				GCC_OPTIMIZATION_LEVEL = 0;
				GCC_PREPROCESSOR_DEFINITIONS = (
					"DEBUG=1",
					"$(inherited)",
				);
				GCC_WARN_64_TO_32_BIT_CONVERSION = YES;
				GCC_WARN_ABOUT_RETURN_TYPE = YES_ERROR;
				GCC_WARN_UNDECLARED_SELECTOR = YES;
				GCC_WARN_UNINITIALIZED_AUTOS = YES_AGGRESSIVE;
				GCC_WARN_UNUSED_FUNCTION = YES;
				GCC_WARN_UNUSED_VARIABLE = YES;
				LOCALIZATION_PREFERS_STRING_CATALOGS = YES;
				MACOSX_DEPLOYMENT_TARGET = 26.0;
				MTL_ENABLE_DEBUG_INFO = INCLUDE_SOURCE;
				MTL_FAST_MATH = YES;
				ONLY_ACTIVE_ARCH = YES;
				SDKROOT = macosx;
				SWIFT_ACTIVE_COMPILATION_CONDITIONS = "DEBUG $(inherited)";
				SWIFT_OPTIMIZATION_LEVEL = "-Onone";
			};
			name = Debug;
		};
		BCDBE99D301E2D420013A38D /* Release */ = {
			isa = XCBuildConfiguration;
			buildSettings = {
				ALWAYS_SEARCH_USER_PATHS = NO;
				ASSETCATALOG_COMPILER_GENERATE_SWIFT_ASSET_SYMBOL_EXTENSIONS = YES;
				CLANG_ANALYZER_NONNULL = YES;
				CLANG_ANALYZER_NUMBER_OBJECT_CONVERSION = YES_AGGRESSIVE;
				CLANG_CXX_LANGUAGE_STANDARD = "gnu++20";
				CLANG_ENABLE_MODULES = YES;
				CLANG_ENABLE_OBJC_ARC = YES;
				CLANG_ENABLE_OBJC_WEAK = YES;
				CLANG_WARN_BLOCK_CAPTURE_AUTORELEASING = YES;
				CLANG_WARN_BOOL_CONVERSION = YES;
				CLANG_WARN_COMMA = YES;
				CLANG_WARN_CONSTANT_CONVERSION = YES;
				CLANG_WARN_DEPRECATED_OBJC_IMPLEMENTATIONS = YES;
				CLANG_WARN_DIRECT_OBJC_ISA_USAGE = YES_ERROR;
				CLANG_WARN_DOCUMENTATION_COMMENTS = YES;
				CLANG_WARN_EMPTY_BODY = YES;
				CLANG_WARN_ENUM_CONVERSION = YES;
				CLANG_WARN_INFINITE_RECURSION = YES;
				CLANG_WARN_INT_CONVERSION = YES;
				CLANG_WARN_NON_LITERAL_NULL_CONVERSION = YES;
				CLANG_WARN_OBJC_IMPLICIT_RETAIN_SELF = YES;
				CLANG_WARN_OBJC_LITERAL_CONVERSION = YES;
				CLANG_WARN_OBJC_ROOT_CLASS = YES_ERROR;
				CLANG_WARN_QUOTED_INCLUDE_IN_FRAMEWORK_HEADER = YES;
				CLANG_WARN_RANGE_LOOP_ANALYSIS = YES;
				CLANG_WARN_STRICT_PROTOTYPES = YES;
				CLANG_WARN_SUSPICIOUS_MOVE = YES;
				CLANG_WARN_UNGUARDED_AVAILABILITY = YES_AGGRESSIVE;
				CLANG_WARN_UNREACHABLE_CODE = YES;
				CLANG_WARN__DUPLICATE_METHOD_MATCH = YES;
				COPY_PHASE_STRIP = NO;
				DEBUG_INFORMATION_FORMAT = "dwarf-with-dsym";
				DEVELOPMENT_TEAM = Z3S5JK8E38;
				ENABLE_NS_ASSERTIONS = NO;
				ENABLE_STRICT_OBJC_MSGSEND = YES;
				ENABLE_USER_SCRIPT_SANDBOXING = YES;
				GCC_C_LANGUAGE_STANDARD = gnu17;
				GCC_NO_COMMON_BLOCKS = YES;
				GCC_WARN_64_TO_32_BIT_CONVERSION = YES;
				GCC_WARN_ABOUT_RETURN_TYPE = YES_ERROR;
				GCC_WARN_UNDECLARED_SELECTOR = YES;
				GCC_WARN_UNINITIALIZED_AUTOS = YES_AGGRESSIVE;
				GCC_WARN_UNUSED_FUNCTION = YES;
				GCC_WARN_UNUSED_VARIABLE = YES;
				LOCALIZATION_PREFERS_STRING_CATALOGS = YES;
				MACOSX_DEPLOYMENT_TARGET = 26.0;
				MTL_ENABLE_DEBUG_INFO = NO;
				MTL_FAST_MATH = YES;
				SDKROOT = macosx;
				SWIFT_COMPILATION_MODE = wholemodule;
			};
			name = Release;
		};
		BCDBE99F301E2D420013A38D /* Debug */ = {
			isa = XCBuildConfiguration;
			buildSettings = {
				ASSETCATALOG_COMPILER_APPICON_NAME = AppIcon;
				ASSETCATALOG_COMPILER_GLOBAL_ACCENT_COLOR_NAME = AccentColor;
				CODE_SIGN_STYLE = Automatic;
				COMBINE_HIDPI_IMAGES = YES;
				CURRENT_PROJECT_VERSION = 1;
				DEVELOPMENT_TEAM = Z3S5JK8E38;
				ENABLE_APP_SANDBOX = NO;
				ENABLE_HARDENED_RUNTIME = YES;
				ENABLE_PREVIEWS = YES;
				ENABLE_USER_SELECTED_FILES = readonly;
				GENERATE_INFOPLIST_FILE = YES;
				INFOPLIST_KEY_NSHumanReadableCopyright = "";
				LD_RUNPATH_SEARCH_PATHS = (
					"$(inherited)",
					"@executable_path/../Frameworks",
				);
				MARKETING_VERSION = 1.0;
				PRODUCT_BUNDLE_IDENTIFIER = com.juancasanueva.cellar;
				PRODUCT_NAME = "$(TARGET_NAME)";
				REGISTER_APP_GROUPS = YES;
				STRING_CATALOG_GENERATE_SYMBOLS = YES;
				SWIFT_APPROACHABLE_CONCURRENCY = YES;
				SWIFT_DEFAULT_ACTOR_ISOLATION = MainActor;
				SWIFT_EMIT_LOC_STRINGS = YES;
				SWIFT_UPCOMING_FEATURE_MEMBER_IMPORT_VISIBILITY = YES;
				SWIFT_VERSION = 6.0;
			};
			name = Debug;
		};
		BCDBE9A0301E2D420013A38D /* Release */ = {
			isa = XCBuildConfiguration;
			buildSettings = {
				ASSETCATALOG_COMPILER_APPICON_NAME = AppIcon;
				ASSETCATALOG_COMPILER_GLOBAL_ACCENT_COLOR_NAME = AccentColor;
				CODE_SIGN_STYLE = Automatic;
				COMBINE_HIDPI_IMAGES = YES;
				CURRENT_PROJECT_VERSION = 1;
				DEVELOPMENT_TEAM = Z3S5JK8E38;
				ENABLE_APP_SANDBOX = NO;
				ENABLE_HARDENED_RUNTIME = YES;
				ENABLE_PREVIEWS = YES;
				ENABLE_USER_SELECTED_FILES = readonly;
				GENERATE_INFOPLIST_FILE = YES;
				INFOPLIST_KEY_NSHumanReadableCopyright = "";
				LD_RUNPATH_SEARCH_PATHS = (
					"$(inherited)",
					"@executable_path/../Frameworks",
				);
				MARKETING_VERSION = 1.0;
				PRODUCT_BUNDLE_IDENTIFIER = com.juancasanueva.cellar;
				PRODUCT_NAME = "$(TARGET_NAME)";
				REGISTER_APP_GROUPS = YES;
				STRING_CATALOG_GENERATE_SYMBOLS = YES;
				SWIFT_APPROACHABLE_CONCURRENCY = YES;
				SWIFT_DEFAULT_ACTOR_ISOLATION = MainActor;
				SWIFT_EMIT_LOC_STRINGS = YES;
				SWIFT_UPCOMING_FEATURE_MEMBER_IMPORT_VISIBILITY = YES;
				SWIFT_VERSION = 6.0;
			};
			name = Release;
		};
		BCDBE9A2301E2D420013A38D /* Debug */ = {
			isa = XCBuildConfiguration;
			buildSettings = {
				BUNDLE_LOADER = "$(TEST_HOST)";
				CODE_SIGN_STYLE = Automatic;
				CURRENT_PROJECT_VERSION = 1;
				DEVELOPMENT_TEAM = Z3S5JK8E38;
				GENERATE_INFOPLIST_FILE = YES;
				MACOSX_DEPLOYMENT_TARGET = 26.0;
				MARKETING_VERSION = 1.0;
				PRODUCT_BUNDLE_IDENTIFIER = com.juancasanueva.cellarTests;
				PRODUCT_NAME = "$(TARGET_NAME)";
				STRING_CATALOG_GENERATE_SYMBOLS = NO;
				SWIFT_APPROACHABLE_CONCURRENCY = YES;
				SWIFT_EMIT_LOC_STRINGS = NO;
				SWIFT_UPCOMING_FEATURE_MEMBER_IMPORT_VISIBILITY = YES;
				SWIFT_VERSION = 6.0;
				TEST_HOST = "$(BUILT_PRODUCTS_DIR)/cellar.app/$(BUNDLE_EXECUTABLE_FOLDER_PATH)/cellar";
			};
			name = Debug;
		};
		BCDBE9A3301E2D420013A38D /* Release */ = {
			isa = XCBuildConfiguration;
			buildSettings = {
				BUNDLE_LOADER = "$(TEST_HOST)";
				CODE_SIGN_STYLE = Automatic;
				CURRENT_PROJECT_VERSION = 1;
				DEVELOPMENT_TEAM = Z3S5JK8E38;
				GENERATE_INFOPLIST_FILE = YES;
				MACOSX_DEPLOYMENT_TARGET = 26.0;
				MARKETING_VERSION = 1.0;
				PRODUCT_BUNDLE_IDENTIFIER = com.juancasanueva.cellarTests;
				PRODUCT_NAME = "$(TARGET_NAME)";
				STRING_CATALOG_GENERATE_SYMBOLS = NO;
				SWIFT_APPROACHABLE_CONCURRENCY = YES;
				SWIFT_EMIT_LOC_STRINGS = NO;
				SWIFT_UPCOMING_FEATURE_MEMBER_IMPORT_VISIBILITY = YES;
				SWIFT_VERSION = 6.0;
				TEST_HOST = "$(BUILT_PRODUCTS_DIR)/cellar.app/$(BUNDLE_EXECUTABLE_FOLDER_PATH)/cellar";
			};
			name = Release;
		};
		BCDBE9A5301E2D420013A38D /* Debug */ = {
			isa = XCBuildConfiguration;
			buildSettings = {
				CODE_SIGN_STYLE = Automatic;
				CURRENT_PROJECT_VERSION = 1;
				DEVELOPMENT_TEAM = Z3S5JK8E38;
				GENERATE_INFOPLIST_FILE = YES;
				MARKETING_VERSION = 1.0;
				PRODUCT_BUNDLE_IDENTIFIER = com.juancasanueva.cellarUITests;
				PRODUCT_NAME = "$(TARGET_NAME)";
				STRING_CATALOG_GENERATE_SYMBOLS = NO;
				SWIFT_APPROACHABLE_CONCURRENCY = YES;
				SWIFT_EMIT_LOC_STRINGS = NO;
				SWIFT_UPCOMING_FEATURE_MEMBER_IMPORT_VISIBILITY = YES;
				SWIFT_VERSION = 6.0;
				TEST_TARGET_NAME = cellar;
			};
			name = Debug;
		};
		BCDBE9A6301E2D420013A38D /* Release */ = {
			isa = XCBuildConfiguration;
			buildSettings = {
				CODE_SIGN_STYLE = Automatic;
				CURRENT_PROJECT_VERSION = 1;
				DEVELOPMENT_TEAM = Z3S5JK8E38;
				GENERATE_INFOPLIST_FILE = YES;
				MARKETING_VERSION = 1.0;
				PRODUCT_BUNDLE_IDENTIFIER = com.juancasanueva.cellarUITests;
				PRODUCT_NAME = "$(TARGET_NAME)";
				STRING_CATALOG_GENERATE_SYMBOLS = NO;
				SWIFT_APPROACHABLE_CONCURRENCY = YES;
				SWIFT_EMIT_LOC_STRINGS = NO;
				SWIFT_UPCOMING_FEATURE_MEMBER_IMPORT_VISIBILITY = YES;
				SWIFT_VERSION = 6.0;
				TEST_TARGET_NAME = cellar;
			};
			name = Release;
		};
/* End XCBuildConfiguration section */

/* Begin XCConfigurationList section */
		BCDBE976301E2D410013A38D /* Build configuration list for PBXProject "cellar" */ = {
			isa = XCConfigurationList;
			buildConfigurations = (
				BCDBE99C301E2D420013A38D /* Debug */,
				BCDBE99D301E2D420013A38D /* Release */,
			);
			defaultConfigurationIsVisible = 0;
			defaultConfigurationName = Release;
		};
		BCDBE99E301E2D420013A38D /* Build configuration list for PBXNativeTarget "cellar" */ = {
			isa = XCConfigurationList;
			buildConfigurations = (
				BCDBE99F301E2D420013A38D /* Debug */,
				BCDBE9A0301E2D420013A38D /* Release */,
			);
			defaultConfigurationIsVisible = 0;
			defaultConfigurationName = Release;
		};
		BCDBE9A1301E2D420013A38D /* Build configuration list for PBXNativeTarget "cellarTests" */ = {
			isa = XCConfigurationList;
			buildConfigurations = (
				BCDBE9A2301E2D420013A38D /* Debug */,
				BCDBE9A3301E2D420013A38D /* Release */,
			);
			defaultConfigurationIsVisible = 0;
			defaultConfigurationName = Release;
		};
		BCDBE9A4301E2D420013A38D /* Build configuration list for PBXNativeTarget "cellarUITests" */ = {
			isa = XCConfigurationList;
			buildConfigurations = (
				BCDBE9A5301E2D420013A38D /* Debug */,
				BCDBE9A6301E2D420013A38D /* Release */,
			);
			defaultConfigurationIsVisible = 0;
			defaultConfigurationName = Release;
		};
/* End XCConfigurationList section */
	};
	rootObject = BCDBE973301E2D410013A38D /* Project object */;
}
